
Microsoft Visual Studio Solution File, Format Version 12.00
# Visual Studio Version 16
VisualStudioVersion = 16.0.28803.352
MinimumVisualStudioVersion = 10.0.40219.1
Project("{FAE04EC0-301F-11D3-BF4B-00C04F79EFBC}") = "IWMMM", "InetrationWithModdedMinecraftModels\IWMMM.csproj", "{936FC9DB-F3DE-4E18-8632-AD22E6D5D382}"
EndProject
Global
	GlobalSection(SolutionConfigurationPlatforms) = preSolution
		Debug|Any CPU = Debug|Any CPU
		Release|Any CPU = Release|Any CPU
	EndGlobalSection
	GlobalSection(ProjectConfigurationPlatforms) = postSolution
		{936FC9DB-F3DE-4E18-8632-AD22E6D5D382}.Debug|Any CPU.ActiveCfg = Debug|Any CPU
		{936FC9DB-F3DE-4E18-8632-AD22E6D5D382}.Debug|Any CPU.Build.0 = Debug|Any CPU
		{936FC9DB-F3DE-4E18-8632-AD22E6D5D382}.Release|Any CPU.ActiveCfg = Release|Any CPU
		{936FC9DB-F3DE-4E18-8632-AD22E6D5D382}.Release|Any CPU.Build.0 = Release|Any CPU
	EndGlobalSection
	GlobalSection(SolutionProperties) = preSolution
		HideSolutionNode = FALSE
	EndGlobalSection
	GlobalSection(ExtensibilityGlobals) = postSolution
		SolutionGuid = {3C57724F-875F-464A-BEF9-00CE478E1A11}
	EndGlobalSection
EndGlobal
